
Microsoft Visual Studio Solution File, Format Version 12.00
# Visual Studio Version 17
VisualStudioVersion = 17.8.34330.188
MinimumVisualStudioVersion = 10.0.40219.1
Project("{FAE04EC0-301F-11D3-BF4B-00C04F79EFBC}") = "SignalRApp", "SignalRApp\SignalRApp.csproj", "{D69AC128-1C7D-41B8-B583-A92553CB153A}"
EndProject
Global
	GlobalSection(SolutionConfigurationPlatforms) = preSolution
		Debug|Any CPU = Debug|Any CPU
		Release|Any CPU = Release|Any CPU
	EndGlobalSection
	GlobalSection(ProjectConfigurationPlatforms) = postSolution
		{D69AC128-1C7D-41B8-B583-A92553CB153A}.Debug|Any CPU.ActiveCfg = Debug|Any CPU
		{D69AC128-1C7D-41B8-B583-A92553CB153A}.Debug|Any CPU.Build.0 = Debug|Any CPU
		{D69AC128-1C7D-41B8-B583-A92553CB153A}.Release|Any CPU.ActiveCfg = Release|Any CPU
		{D69AC128-1C7D-41B8-B583-A92553CB153A}.Release|Any CPU.Build.0 = Release|Any CPU
	EndGlobalSection
	GlobalSection(SolutionProperties) = preSolution
		HideSolutionNode = FALSE
	EndGlobalSection
	GlobalSection(ExtensibilityGlobals) = postSolution
		SolutionGuid = {A4408DE1-99D4-4FFF-AA0B-3F43429903CE}
	EndGlobalSection
EndGlobal
