
Microsoft Visual Studio Solution File, Format Version 12.00
# Visual Studio Version 17
VisualStudioVersion = 17.8.34330.188
MinimumVisualStudioVersion = 10.0.40219.1
Project("{FAE04EC0-301F-11D3-BF4B-00C04F79EFBC}") = "KafkaStreamTransformationProcessors", "KafkaStreamTransformationProcessors\KafkaStreamTransformationProcessors.csproj", "{D6FA4A49-1B4C-41A7-9D06-7933C896090C}"
EndProject
Global
	GlobalSection(SolutionConfigurationPlatforms) = preSolution
		Debug|Any CPU = Debug|Any CPU
		Release|Any CPU = Release|Any CPU
	EndGlobalSection
	GlobalSection(ProjectConfigurationPlatforms) = postSolution
		{D6FA4A49-1B4C-41A7-9D06-7933C896090C}.Debug|Any CPU.ActiveCfg = Debug|Any CPU
		{D6FA4A49-1B4C-41A7-9D06-7933C896090C}.Debug|Any CPU.Build.0 = Debug|Any CPU
		{D6FA4A49-1B4C-41A7-9D06-7933C896090C}.Release|Any CPU.ActiveCfg = Release|Any CPU
		{D6FA4A49-1B4C-41A7-9D06-7933C896090C}.Release|Any CPU.Build.0 = Release|Any CPU
	EndGlobalSection
	GlobalSection(SolutionProperties) = preSolution
		HideSolutionNode = FALSE
	EndGlobalSection
	GlobalSection(ExtensibilityGlobals) = postSolution
		SolutionGuid = {D61B20CA-5041-4AEB-985E-A8885647B6D8}
	EndGlobalSection
EndGlobal
