
Microsoft Visual Studio Solution File, Format Version 12.00
# Visual Studio Version 17
VisualStudioVersion = 17.8.34330.188
MinimumVisualStudioVersion = 10.0.40219.1
Project("{FAE04EC0-301F-11D3-BF4B-00C04F79EFBC}") = "PatientAPI", "PatientAPI\PatientAPI.csproj", "{EBF68F83-807E-4365-8D11-9E42D90DDEF2}"
EndProject
Project("{E53339B2-1760-4266-BCC7-CA923CBCF16C}") = "docker-compose", "docker-compose.dcproj", "{3B7D3D63-885C-4A6C-A740-F832DFA98563}"
EndProject
Global
	GlobalSection(SolutionConfigurationPlatforms) = preSolution
		Debug|Any CPU = Debug|Any CPU
		Release|Any CPU = Release|Any CPU
	EndGlobalSection
	GlobalSection(ProjectConfigurationPlatforms) = postSolution
		{EBF68F83-807E-4365-8D11-9E42D90DDEF2}.Debug|Any CPU.ActiveCfg = Debug|Any CPU
		{EBF68F83-807E-4365-8D11-9E42D90DDEF2}.Debug|Any CPU.Build.0 = Debug|Any CPU
		{EBF68F83-807E-4365-8D11-9E42D90DDEF2}.Release|Any CPU.ActiveCfg = Release|Any CPU
		{EBF68F83-807E-4365-8D11-9E42D90DDEF2}.Release|Any CPU.Build.0 = Release|Any CPU
		{3B7D3D63-885C-4A6C-A740-F832DFA98563}.Debug|Any CPU.ActiveCfg = Debug|Any CPU
		{3B7D3D63-885C-4A6C-A740-F832DFA98563}.Debug|Any CPU.Build.0 = Debug|Any CPU
		{3B7D3D63-885C-4A6C-A740-F832DFA98563}.Release|Any CPU.ActiveCfg = Release|Any CPU
		{3B7D3D63-885C-4A6C-A740-F832DFA98563}.Release|Any CPU.Build.0 = Release|Any CPU
	EndGlobalSection
	GlobalSection(SolutionProperties) = preSolution
		HideSolutionNode = FALSE
	EndGlobalSection
	GlobalSection(ExtensibilityGlobals) = postSolution
		SolutionGuid = {AB6F133C-2508-4209-950B-170DD6187394}
	EndGlobalSection
EndGlobal
