
Microsoft Visual Studio Solution File, Format Version 12.00
# Visual Studio Version 17
VisualStudioVersion = 17.8.34330.188
MinimumVisualStudioVersion = 10.0.40219.1
Project("{FAE04EC0-301F-11D3-BF4B-00C04F79EFBC}") = "ConsumerDeadLetterQueue", "ConsumerDeadLetterQueue\ConsumerDeadLetterQueue.csproj", "{C6CA5A9F-7B6C-4D1E-A8BD-EFA90C592D95}"
EndProject
Global
	GlobalSection(SolutionConfigurationPlatforms) = preSolution
		Debug|Any CPU = Debug|Any CPU
		Release|Any CPU = Release|Any CPU
	EndGlobalSection
	GlobalSection(ProjectConfigurationPlatforms) = postSolution
		{C6CA5A9F-7B6C-4D1E-A8BD-EFA90C592D95}.Debug|Any CPU.ActiveCfg = Debug|Any CPU
		{C6CA5A9F-7B6C-4D1E-A8BD-EFA90C592D95}.Debug|Any CPU.Build.0 = Debug|Any CPU
		{C6CA5A9F-7B6C-4D1E-A8BD-EFA90C592D95}.Release|Any CPU.ActiveCfg = Release|Any CPU
		{C6CA5A9F-7B6C-4D1E-A8BD-EFA90C592D95}.Release|Any CPU.Build.0 = Release|Any CPU
	EndGlobalSection
	GlobalSection(SolutionProperties) = preSolution
		HideSolutionNode = FALSE
	EndGlobalSection
	GlobalSection(ExtensibilityGlobals) = postSolution
		SolutionGuid = {6993E0BB-D3AA-493C-A2CF-7EEC8F4DAC6E}
	EndGlobalSection
EndGlobal
