
Microsoft Visual Studio Solution File, Format Version 12.00
# Visual Studio Version 17
VisualStudioVersion = 17.8.34330.188
MinimumVisualStudioVersion = 10.0.40219.1
Project("{FAE04EC0-301F-11D3-BF4B-00C04F79EFBC}") = "kafkastreamOrderConsumerAggregator", "kafkastreamOrderConsumerAggregator\kafkastreamOrderConsumerAggregator.csproj", "{55700A42-A606-4AA8-95DC-BE8D04A73DA7}"
EndProject
Global
	GlobalSection(SolutionConfigurationPlatforms) = preSolution
		Debug|Any CPU = Debug|Any CPU
		Release|Any CPU = Release|Any CPU
	EndGlobalSection
	GlobalSection(ProjectConfigurationPlatforms) = postSolution
		{55700A42-A606-4AA8-95DC-BE8D04A73DA7}.Debug|Any CPU.ActiveCfg = Debug|Any CPU
		{55700A42-A606-4AA8-95DC-BE8D04A73DA7}.Debug|Any CPU.Build.0 = Debug|Any CPU
		{55700A42-A606-4AA8-95DC-BE8D04A73DA7}.Release|Any CPU.ActiveCfg = Release|Any CPU
		{55700A42-A606-4AA8-95DC-BE8D04A73DA7}.Release|Any CPU.Build.0 = Release|Any CPU
	EndGlobalSection
	GlobalSection(SolutionProperties) = preSolution
		HideSolutionNode = FALSE
	EndGlobalSection
	GlobalSection(ExtensibilityGlobals) = postSolution
		SolutionGuid = {43636162-CAF4-4652-AF87-87ED52A4A7F2}
	EndGlobalSection
EndGlobal
