
Microsoft Visual Studio Solution File, Format Version 12.00
# Visual Studio Version 17
VisualStudioVersion = 17.8.34330.188
MinimumVisualStudioVersion = 10.0.40219.1
Project("{FAE04EC0-301F-11D3-BF4B-00C04F79EFBC}") = "ProtoBufConsumer", "ProtoBufConsumer\ProtoBufConsumer.csproj", "{7546991A-5A01-42BA-A52A-19EDA55BA727}"
EndProject
Global
	GlobalSection(SolutionConfigurationPlatforms) = preSolution
		Debug|Any CPU = Debug|Any CPU
		Release|Any CPU = Release|Any CPU
	EndGlobalSection
	GlobalSection(ProjectConfigurationPlatforms) = postSolution
		{7546991A-5A01-42BA-A52A-19EDA55BA727}.Debug|Any CPU.ActiveCfg = Debug|Any CPU
		{7546991A-5A01-42BA-A52A-19EDA55BA727}.Debug|Any CPU.Build.0 = Debug|Any CPU
		{7546991A-5A01-42BA-A52A-19EDA55BA727}.Release|Any CPU.ActiveCfg = Release|Any CPU
		{7546991A-5A01-42BA-A52A-19EDA55BA727}.Release|Any CPU.Build.0 = Release|Any CPU
	EndGlobalSection
	GlobalSection(SolutionProperties) = preSolution
		HideSolutionNode = FALSE
	EndGlobalSection
	GlobalSection(ExtensibilityGlobals) = postSolution
		SolutionGuid = {029B1255-8DB6-4CC3-9FFE-CA07194CF8D8}
	EndGlobalSection
EndGlobal
