
Microsoft Visual Studio Solution File, Format Version 12.00
# Visual Studio Version 17
VisualStudioVersion = 17.8.34330.188
MinimumVisualStudioVersion = 10.0.40219.1
Project("{FAE04EC0-301F-11D3-BF4B-00C04F79EFBC}") = "AvroMessageProducer", "AvroMessageProducer\AvroMessageProducer.csproj", "{52E3D340-6F20-45EE-9338-EEC5D02D1CF5}"
EndProject
Global
	GlobalSection(SolutionConfigurationPlatforms) = preSolution
		Debug|Any CPU = Debug|Any CPU
		Release|Any CPU = Release|Any CPU
	EndGlobalSection
	GlobalSection(ProjectConfigurationPlatforms) = postSolution
		{52E3D340-6F20-45EE-9338-EEC5D02D1CF5}.Debug|Any CPU.ActiveCfg = Debug|Any CPU
		{52E3D340-6F20-45EE-9338-EEC5D02D1CF5}.Debug|Any CPU.Build.0 = Debug|Any CPU
		{52E3D340-6F20-45EE-9338-EEC5D02D1CF5}.Release|Any CPU.ActiveCfg = Release|Any CPU
		{52E3D340-6F20-45EE-9338-EEC5D02D1CF5}.Release|Any CPU.Build.0 = Release|Any CPU
	EndGlobalSection
	GlobalSection(SolutionProperties) = preSolution
		HideSolutionNode = FALSE
	EndGlobalSection
	GlobalSection(ExtensibilityGlobals) = postSolution
		SolutionGuid = {3E413FC4-896A-4B4E-9351-33AD7F37BDCB}
	EndGlobalSection
EndGlobal
